
Microsoft Visual Studio Solution File, Format Version 12.00
# Visual Studio Version 16
VisualStudioVersion = 16.0.31321.278
MinimumVisualStudioVersion = 10.0.40219.1
Project("{9A19103F-16F7-4668-BE54-9A1E7A4F7556}") = "HW46_ATM", "HW46_ATM\HW46_ATM.csproj", "{398CB6E1-D51A-4CDA-AE8A-626EF5923D9B}"
EndProject
Project("{FAE04EC0-301F-11D3-BF4B-00C04F79EFBC}") = "PinValidationData", "PinValidationData\PinValidationData.csproj", "{DAF95E4D-567A-48A0-9ADC-F2B043BB6C59}"
EndProject
Global
	GlobalSection(SolutionConfigurationPlatforms) = preSolution
		Debug|Any CPU = Debug|Any CPU
		Release|Any CPU = Release|Any CPU
	EndGlobalSection
	GlobalSection(ProjectConfigurationPlatforms) = postSolution
		{398CB6E1-D51A-4CDA-AE8A-626EF5923D9B}.Debug|Any CPU.ActiveCfg = Debug|Any CPU
		{398CB6E1-D51A-4CDA-AE8A-626EF5923D9B}.Debug|Any CPU.Build.0 = Debug|Any CPU
		{398CB6E1-D51A-4CDA-AE8A-626EF5923D9B}.Release|Any CPU.ActiveCfg = Release|Any CPU
		{398CB6E1-D51A-4CDA-AE8A-626EF5923D9B}.Release|Any CPU.Build.0 = Release|Any CPU
		{DAF95E4D-567A-48A0-9ADC-F2B043BB6C59}.Debug|Any CPU.ActiveCfg = Debug|Any CPU
		{DAF95E4D-567A-48A0-9ADC-F2B043BB6C59}.Debug|Any CPU.Build.0 = Debug|Any CPU
		{DAF95E4D-567A-48A0-9ADC-F2B043BB6C59}.Release|Any CPU.ActiveCfg = Release|Any CPU
		{DAF95E4D-567A-48A0-9ADC-F2B043BB6C59}.Release|Any CPU.Build.0 = Release|Any CPU
	EndGlobalSection
	GlobalSection(SolutionProperties) = preSolution
		HideSolutionNode = FALSE
	EndGlobalSection
	GlobalSection(ExtensibilityGlobals) = postSolution
		SolutionGuid = {005F92A2-1DF4-4DD3-ABAF-AC9AC85B2C6F}
	EndGlobalSection
EndGlobal
